
Microsoft Visual Studio Solution File, Format Version 12.00
# Visual Studio Version 17
VisualStudioVersion = 17.13.35825.156
MinimumVisualStudioVersion = 10.0.40219.1
Project("{FAE04EC0-301F-11D3-BF4B-00C04F79EFBC}") = "Messaging.GCP.PubSub.UnitTests", "Messaging.GCP.PubSub.UnitTests\Messaging.GCP.PubSub.UnitTests.csproj", "{EDFDC002-AA36-4F02-B47A-242517BB509E}"
EndProject
Project("{2150E333-8FDC-42A3-9474-1A3956D46DE8}") = "Solution Items", "Solution Items", "{02EA681E-C7D8-13C7-8484-4AC65E1B71E8}"
	ProjectSection(SolutionItems) = preProject
		Directory.Build.props = Directory.Build.props
	EndProjectSection
EndProject
Project("{2150E333-8FDC-42A3-9474-1A3956D46DE8}") = "src", "src", "{F43EE55A-B957-4B4B-8973-AB6FCB38478D}"
EndProject
Project("{FAE04EC0-301F-11D3-BF4B-00C04F79EFBC}") = "Messaging.GCP.PubSub", "Messaging.GCP.PubSub\Messaging.GCP.PubSub.csproj", "{379DEE25-17FB-8BC3-990E-3190872B1977}"
EndProject
Project("{FAE04EC0-301F-11D3-BF4B-00C04F79EFBC}") = "Messaging.GCP.PubSub.Contracts", "Messaging.GCP.PubSub.Contracts\Messaging.GCP.PubSub.Contracts.csproj", "{8BABDBDE-D789-FC1C-0739-EC5C73DA8232}"
EndProject
Global
	GlobalSection(SolutionConfigurationPlatforms) = preSolution
		Debug|Any CPU = Debug|Any CPU
		Release|Any CPU = Release|Any CPU
	EndGlobalSection
	GlobalSection(ProjectConfigurationPlatforms) = postSolution
		{EDFDC002-AA36-4F02-B47A-242517BB509E}.Debug|Any CPU.ActiveCfg = Debug|Any CPU
		{EDFDC002-AA36-4F02-B47A-242517BB509E}.Debug|Any CPU.Build.0 = Debug|Any CPU
		{EDFDC002-AA36-4F02-B47A-242517BB509E}.Release|Any CPU.ActiveCfg = Release|Any CPU
		{EDFDC002-AA36-4F02-B47A-242517BB509E}.Release|Any CPU.Build.0 = Release|Any CPU
		{379DEE25-17FB-8BC3-990E-3190872B1977}.Debug|Any CPU.ActiveCfg = Debug|Any CPU
		{379DEE25-17FB-8BC3-990E-3190872B1977}.Debug|Any CPU.Build.0 = Debug|Any CPU
		{379DEE25-17FB-8BC3-990E-3190872B1977}.Release|Any CPU.ActiveCfg = Release|Any CPU
		{379DEE25-17FB-8BC3-990E-3190872B1977}.Release|Any CPU.Build.0 = Release|Any CPU
		{8BABDBDE-D789-FC1C-0739-EC5C73DA8232}.Debug|Any CPU.ActiveCfg = Debug|Any CPU
		{8BABDBDE-D789-FC1C-0739-EC5C73DA8232}.Debug|Any CPU.Build.0 = Debug|Any CPU
		{8BABDBDE-D789-FC1C-0739-EC5C73DA8232}.Release|Any CPU.ActiveCfg = Release|Any CPU
		{8BABDBDE-D789-FC1C-0739-EC5C73DA8232}.Release|Any CPU.Build.0 = Release|Any CPU
	EndGlobalSection
	GlobalSection(SolutionProperties) = preSolution
		HideSolutionNode = FALSE
	EndGlobalSection
	GlobalSection(NestedProjects) = preSolution
		{379DEE25-17FB-8BC3-990E-3190872B1977} = {F43EE55A-B957-4B4B-8973-AB6FCB38478D}
		{8BABDBDE-D789-FC1C-0739-EC5C73DA8232} = {F43EE55A-B957-4B4B-8973-AB6FCB38478D}
	EndGlobalSection
	GlobalSection(ExtensibilityGlobals) = postSolution
		SolutionGuid = {DA0A0C4E-E3C7-4AFF-AF6D-A6B0C90BDBF5}
	EndGlobalSection
EndGlobal
